
Microsoft Visual Studio Solution File, Format Version 12.00
# Visual Studio Version 17
VisualStudioVersion = 17.10.35013.160
MinimumVisualStudioVersion = 10.0.40219.1
Project("{9A19103F-16F7-4668-BE54-9A1E7A4F7556}") = "WebAPI", "WebAPI\WebAPI.csproj", "{57039A30-BBCE-4E40-95D2-E099AB055B88}"
EndProject
Project("{2150E333-8FDC-42A3-9474-1A3956D46DE8}") = "Solution Items", "Solution Items", "{B3BC3159-0B92-4073-82D3-3EFB7F7D7361}"
	ProjectSection(SolutionItems) = preProject
		.editorconfig = .editorconfig
	EndProjectSection
EndProject
Global
	GlobalSection(SolutionConfigurationPlatforms) = preSolution
		Debug|Any CPU = Debug|Any CPU
		Release|Any CPU = Release|Any CPU
	EndGlobalSection
	GlobalSection(ProjectConfigurationPlatforms) = postSolution
		{57039A30-BBCE-4E40-95D2-E099AB055B88}.Debug|Any CPU.ActiveCfg = Debug|Any CPU
		{57039A30-BBCE-4E40-95D2-E099AB055B88}.Debug|Any CPU.Build.0 = Debug|Any CPU
		{57039A30-BBCE-4E40-95D2-E099AB055B88}.Release|Any CPU.ActiveCfg = Release|Any CPU
		{57039A30-BBCE-4E40-95D2-E099AB055B88}.Release|Any CPU.Build.0 = Release|Any CPU
	EndGlobalSection
	GlobalSection(SolutionProperties) = preSolution
		HideSolutionNode = FALSE
	EndGlobalSection
	GlobalSection(ExtensibilityGlobals) = postSolution
		SolutionGuid = {729472D8-B739-45B9-B3EE-7475A96777EF}
	EndGlobalSection
EndGlobal
